
Microsoft Visual Studio Solution File, Format Version 12.00
# Visual Studio Version 16
VisualStudioVersion = 16.0.31624.102
MinimumVisualStudioVersion = 10.0.40219.1
Project("{9A19103F-16F7-4668-BE54-9A1E7A4F7556}") = "Ex1", "Ex1\Ex1.csproj", "{FAA6BDD4-46BE-404B-9A6A-49EA707C9FD9}"
EndProject
Project("{9A19103F-16F7-4668-BE54-9A1E7A4F7556}") = "Ex2", "Ex2\Ex2.csproj", "{03CFBB47-B5F2-4F50-BEE1-B088B82D1FFC}"
EndProject
Project("{9A19103F-16F7-4668-BE54-9A1E7A4F7556}") = "Ex3", "Ex3\Ex3.csproj", "{3136A915-A65A-4957-8143-559FDE5D8C7D}"
EndProject
Project("{9A19103F-16F7-4668-BE54-9A1E7A4F7556}") = "Ex4", "Ex4\Ex4.csproj", "{43EEC96C-FFD1-4511-8B1E-AEABF633DB38}"
EndProject
Project("{9A19103F-16F7-4668-BE54-9A1E7A4F7556}") = "Ex5", "Ex5\Ex5.csproj", "{B588AEE9-086E-42D6-9FD4-C8DBC6598D2F}"
EndProject
Project("{9A19103F-16F7-4668-BE54-9A1E7A4F7556}") = "Ex6", "Ex6\Ex6.csproj", "{54DA014D-F927-4D49-A187-71ED3A8315FF}"
EndProject
Project("{FAE04EC0-301F-11D3-BF4B-00C04F79EFBC}") = "Ex7", "Ex7\Ex7.csproj", "{7C8A5C5B-0458-406E-9796-9C6A61E8DBA1}"
EndProject
Project("{FAE04EC0-301F-11D3-BF4B-00C04F79EFBC}") = "Ex8", "Ex8\Ex8.csproj", "{8E4DCB06-1CB0-4408-918F-754501FEDCF2}"
EndProject
Project("{FAE04EC0-301F-11D3-BF4B-00C04F79EFBC}") = "Ex9", "Ex9\Ex9.csproj", "{E2837700-E229-4129-B73C-F5A783EC6BDC}"
EndProject
Project("{FAE04EC0-301F-11D3-BF4B-00C04F79EFBC}") = "Ex10", "Ex10\Ex10.csproj", "{96604E3E-E5C6-4CE8-BE70-1F1945BBCECD}"
EndProject
Project("{FAE04EC0-301F-11D3-BF4B-00C04F79EFBC}") = "Ex11", "Ex11\Ex11.csproj", "{60CA1E23-5461-49DC-8FB1-F50392495F29}"
EndProject
Project("{FAE04EC0-301F-11D3-BF4B-00C04F79EFBC}") = "Ex12", "Ex12\Ex12.csproj", "{76CACEB8-7EC4-4BEC-AB3E-3ACA54A8164E}"
EndProject
Project("{FAE04EC0-301F-11D3-BF4B-00C04F79EFBC}") = "Ex13", "Ex13\Ex13.csproj", "{C53AB371-6F67-49EA-8569-B93399B3AF95}"
EndProject
Project("{FAE04EC0-301F-11D3-BF4B-00C04F79EFBC}") = "Ex14", "Ex14\Ex14.csproj", "{FE36437E-02B1-46CC-9345-0122615241E9}"
EndProject
Project("{FAE04EC0-301F-11D3-BF4B-00C04F79EFBC}") = "Ex15", "Ex15\Ex15.csproj", "{2EBFB46B-6718-4D05-8B60-97FD8C9EA938}"
EndProject
Global
	GlobalSection(SolutionConfigurationPlatforms) = preSolution
		Debug|Any CPU = Debug|Any CPU
		Release|Any CPU = Release|Any CPU
	EndGlobalSection
	GlobalSection(ProjectConfigurationPlatforms) = postSolution
		{FAA6BDD4-46BE-404B-9A6A-49EA707C9FD9}.Debug|Any CPU.ActiveCfg = Debug|Any CPU
		{FAA6BDD4-46BE-404B-9A6A-49EA707C9FD9}.Debug|Any CPU.Build.0 = Debug|Any CPU
		{FAA6BDD4-46BE-404B-9A6A-49EA707C9FD9}.Release|Any CPU.ActiveCfg = Release|Any CPU
		{FAA6BDD4-46BE-404B-9A6A-49EA707C9FD9}.Release|Any CPU.Build.0 = Release|Any CPU
		{03CFBB47-B5F2-4F50-BEE1-B088B82D1FFC}.Debug|Any CPU.ActiveCfg = Debug|Any CPU
		{03CFBB47-B5F2-4F50-BEE1-B088B82D1FFC}.Debug|Any CPU.Build.0 = Debug|Any CPU
		{03CFBB47-B5F2-4F50-BEE1-B088B82D1FFC}.Release|Any CPU.ActiveCfg = Release|Any CPU
		{03CFBB47-B5F2-4F50-BEE1-B088B82D1FFC}.Release|Any CPU.Build.0 = Release|Any CPU
		{3136A915-A65A-4957-8143-559FDE5D8C7D}.Debug|Any CPU.ActiveCfg = Debug|Any CPU
		{3136A915-A65A-4957-8143-559FDE5D8C7D}.Debug|Any CPU.Build.0 = Debug|Any CPU
		{3136A915-A65A-4957-8143-559FDE5D8C7D}.Release|Any CPU.ActiveCfg = Release|Any CPU
		{3136A915-A65A-4957-8143-559FDE5D8C7D}.Release|Any CPU.Build.0 = Release|Any CPU
		{43EEC96C-FFD1-4511-8B1E-AEABF633DB38}.Debug|Any CPU.ActiveCfg = Debug|Any CPU
		{43EEC96C-FFD1-4511-8B1E-AEABF633DB38}.Debug|Any CPU.Build.0 = Debug|Any CPU
		{43EEC96C-FFD1-4511-8B1E-AEABF633DB38}.Release|Any CPU.ActiveCfg = Release|Any CPU
		{43EEC96C-FFD1-4511-8B1E-AEABF633DB38}.Release|Any CPU.Build.0 = Release|Any CPU
		{B588AEE9-086E-42D6-9FD4-C8DBC6598D2F}.Debug|Any CPU.ActiveCfg = Debug|Any CPU
		{B588AEE9-086E-42D6-9FD4-C8DBC6598D2F}.Debug|Any CPU.Build.0 = Debug|Any CPU
		{B588AEE9-086E-42D6-9FD4-C8DBC6598D2F}.Release|Any CPU.ActiveCfg = Release|Any CPU
		{B588AEE9-086E-42D6-9FD4-C8DBC6598D2F}.Release|Any CPU.Build.0 = Release|Any CPU
		{54DA014D-F927-4D49-A187-71ED3A8315FF}.Debug|Any CPU.ActiveCfg = Debug|Any CPU
		{54DA014D-F927-4D49-A187-71ED3A8315FF}.Debug|Any CPU.Build.0 = Debug|Any CPU
		{54DA014D-F927-4D49-A187-71ED3A8315FF}.Release|Any CPU.ActiveCfg = Release|Any CPU
		{54DA014D-F927-4D49-A187-71ED3A8315FF}.Release|Any CPU.Build.0 = Release|Any CPU
		{7C8A5C5B-0458-406E-9796-9C6A61E8DBA1}.Debug|Any CPU.ActiveCfg = Debug|Any CPU
		{7C8A5C5B-0458-406E-9796-9C6A61E8DBA1}.Debug|Any CPU.Build.0 = Debug|Any CPU
		{7C8A5C5B-0458-406E-9796-9C6A61E8DBA1}.Release|Any CPU.ActiveCfg = Release|Any CPU
		{7C8A5C5B-0458-406E-9796-9C6A61E8DBA1}.Release|Any CPU.Build.0 = Release|Any CPU
		{8E4DCB06-1CB0-4408-918F-754501FEDCF2}.Debug|Any CPU.ActiveCfg = Debug|Any CPU
		{8E4DCB06-1CB0-4408-918F-754501FEDCF2}.Debug|Any CPU.Build.0 = Debug|Any CPU
		{8E4DCB06-1CB0-4408-918F-754501FEDCF2}.Release|Any CPU.ActiveCfg = Release|Any CPU
		{8E4DCB06-1CB0-4408-918F-754501FEDCF2}.Release|Any CPU.Build.0 = Release|Any CPU
		{E2837700-E229-4129-B73C-F5A783EC6BDC}.Debug|Any CPU.ActiveCfg = Debug|Any CPU
		{E2837700-E229-4129-B73C-F5A783EC6BDC}.Debug|Any CPU.Build.0 = Debug|Any CPU
		{E2837700-E229-4129-B73C-F5A783EC6BDC}.Release|Any CPU.ActiveCfg = Release|Any CPU
		{E2837700-E229-4129-B73C-F5A783EC6BDC}.Release|Any CPU.Build.0 = Release|Any CPU
		{96604E3E-E5C6-4CE8-BE70-1F1945BBCECD}.Debug|Any CPU.ActiveCfg = Debug|Any CPU
		{96604E3E-E5C6-4CE8-BE70-1F1945BBCECD}.Debug|Any CPU.Build.0 = Debug|Any CPU
		{96604E3E-E5C6-4CE8-BE70-1F1945BBCECD}.Release|Any CPU.ActiveCfg = Release|Any CPU
		{96604E3E-E5C6-4CE8-BE70-1F1945BBCECD}.Release|Any CPU.Build.0 = Release|Any CPU
		{60CA1E23-5461-49DC-8FB1-F50392495F29}.Debug|Any CPU.ActiveCfg = Debug|Any CPU
		{60CA1E23-5461-49DC-8FB1-F50392495F29}.Debug|Any CPU.Build.0 = Debug|Any CPU
		{60CA1E23-5461-49DC-8FB1-F50392495F29}.Release|Any CPU.ActiveCfg = Release|Any CPU
		{60CA1E23-5461-49DC-8FB1-F50392495F29}.Release|Any CPU.Build.0 = Release|Any CPU
		{76CACEB8-7EC4-4BEC-AB3E-3ACA54A8164E}.Debug|Any CPU.ActiveCfg = Debug|Any CPU
		{76CACEB8-7EC4-4BEC-AB3E-3ACA54A8164E}.Debug|Any CPU.Build.0 = Debug|Any CPU
		{76CACEB8-7EC4-4BEC-AB3E-3ACA54A8164E}.Release|Any CPU.ActiveCfg = Release|Any CPU
		{76CACEB8-7EC4-4BEC-AB3E-3ACA54A8164E}.Release|Any CPU.Build.0 = Release|Any CPU
		{C53AB371-6F67-49EA-8569-B93399B3AF95}.Debug|Any CPU.ActiveCfg = Debug|Any CPU
		{C53AB371-6F67-49EA-8569-B93399B3AF95}.Debug|Any CPU.Build.0 = Debug|Any CPU
		{C53AB371-6F67-49EA-8569-B93399B3AF95}.Release|Any CPU.ActiveCfg = Release|Any CPU
		{C53AB371-6F67-49EA-8569-B93399B3AF95}.Release|Any CPU.Build.0 = Release|Any CPU
		{FE36437E-02B1-46CC-9345-0122615241E9}.Debug|Any CPU.ActiveCfg = Debug|Any CPU
		{FE36437E-02B1-46CC-9345-0122615241E9}.Debug|Any CPU.Build.0 = Debug|Any CPU
		{FE36437E-02B1-46CC-9345-0122615241E9}.Release|Any CPU.ActiveCfg = Release|Any CPU
		{FE36437E-02B1-46CC-9345-0122615241E9}.Release|Any CPU.Build.0 = Release|Any CPU
		{2EBFB46B-6718-4D05-8B60-97FD8C9EA938}.Debug|Any CPU.ActiveCfg = Debug|Any CPU
		{2EBFB46B-6718-4D05-8B60-97FD8C9EA938}.Debug|Any CPU.Build.0 = Debug|Any CPU
		{2EBFB46B-6718-4D05-8B60-97FD8C9EA938}.Release|Any CPU.ActiveCfg = Release|Any CPU
		{2EBFB46B-6718-4D05-8B60-97FD8C9EA938}.Release|Any CPU.Build.0 = Release|Any CPU
	EndGlobalSection
	GlobalSection(SolutionProperties) = preSolution
		HideSolutionNode = FALSE
	EndGlobalSection
	GlobalSection(ExtensibilityGlobals) = postSolution
		SolutionGuid = {2B1D9A7A-470D-40EF-8BFF-8DCB3FE845D2}
	EndGlobalSection
EndGlobal
